// !$*UTF8*$!
{
	archiveVersion = 1;
	classes = {
	};
	objectVersion = 50;
	objects = {

/* Begin PBXBuildFile section */
		002723472639036000678765 /* main.cpp in Sources */ = {isa = PBXBuildFile; fileRef = 002723462639036000678765 /* main.cpp */; };
/* End PBXBuildFile section */

/* Begin PBXCopyFilesBuildPhase section */
		002723412639036000678765 /* CopyFiles */ = {
			isa = PBXCopyFilesBuildPhase;
			buildActionMask = 2147483647;
			dstPath = /usr/share/man/man1/;
			dstSubfolderSpec = 0;
			files = (
			);
			runOnlyForDeploymentPostprocessing = 1;
		};
/* End PBXCopyFilesBuildPhase section */

/* Begin PBXFileReference section */
		002723432639036000678765 /* Degree Planning System */ = {isa = PBXFileReference; explicitFileType = "compiled.mach-o.executable"; includeInIndex = 0; path = "Degree Planning System"; sourceTree = BUILT_PRODUCTS_DIR; };
		002723462639036000678765 /* main.cpp */ = {isa = PBXFileReference; lastKnownFileType = sourcecode.cpp.cpp; path = main.cpp; sourceTree = "<group>"; };
		00869D50263F40A3001E8401 /* CIT, Network Administration Cisco Specialty, Certificate of Technology.txt */ = {isa = PBXFileReference; fileEncoding = 4; lastKnownFileType = text; name = "CIT, Network Administration Cisco Specialty, Certificate of Technology.txt"; path = "Build/Files/CIT, Network Administration Cisco Specialty, Certificate of Technology.txt"; sourceTree = SOURCE_ROOT; };
		00869D51263F40A3001E8401 /* Students.txt */ = {isa = PBXFileReference; fileEncoding = 4; lastKnownFileType = text; name = Students.txt; path = Build/Files/Students.txt; sourceTree = SOURCE_ROOT; };
		00869D52263F40A4001E8401 /* COMPUTER INFORMATION TECHNOLOGY - PROGRAMMING.txt */ = {isa = PBXFileReference; fileEncoding = 4; lastKnownFileType = text; name = "COMPUTER INFORMATION TECHNOLOGY - PROGRAMMING.txt"; path = "Build/Files/COMPUTER INFORMATION TECHNOLOGY - PROGRAMMING.txt"; sourceTree = SOURCE_ROOT; };
		00869D53263F40A4001E8401 /* COMPUTER INFORMATION TECHNOLOGY - NETWORKING.txt */ = {isa = PBXFileReference; fileEncoding = 4; lastKnownFileType = text; name = "COMPUTER INFORMATION TECHNOLOGY - NETWORKING.txt"; path = "Build/Files/COMPUTER INFORMATION TECHNOLOGY - NETWORKING.txt"; sourceTree = SOURCE_ROOT; };
		00869D54263F40A4001E8401 /* CIT, Desktop Support and Microsoft Network Administration, Certificate of Technology.txt */ = {isa = PBXFileReference; fileEncoding = 4; lastKnownFileType = text; name = "CIT, Desktop Support and Microsoft Network Administration, Certificate of Technology.txt"; path = "Build/Files/CIT, Desktop Support and Microsoft Network Administration, Certificate of Technology.txt"; sourceTree = SOURCE_ROOT; };
		00869D55263F40A4001E8401 /* CIT, Introductory Game Design and Development, Occupational Certificate.txt */ = {isa = PBXFileReference; fileEncoding = 4; lastKnownFileType = text; name = "CIT, Introductory Game Design and Development, Occupational Certificate.txt"; path = "Build/Files/CIT, Introductory Game Design and Development, Occupational Certificate.txt"; sourceTree = SOURCE_ROOT; };
		00869D56263F40A4001E8401 /* CIT, Information Technology Cyber Security Specialty, Certificate of Technology.txt */ = {isa = PBXFileReference; fileEncoding = 4; lastKnownFileType = text; name = "CIT, Information Technology Cyber Security Specialty, Certificate of Technology.txt"; path = "Build/Files/CIT, Information Technology Cyber Security Specialty, Certificate of Technology.txt"; sourceTree = SOURCE_ROOT; };
/* End PBXFileReference section */

/* Begin PBXFrameworksBuildPhase section */
		002723402639036000678765 /* Frameworks */ = {
			isa = PBXFrameworksBuildPhase;
			buildActionMask = 2147483647;
			files = (
			);
			runOnlyForDeploymentPostprocessing = 0;
		};
/* End PBXFrameworksBuildPhase section */

/* Begin PBXGroup section */
		0027233A2639036000678765 = {
			isa = PBXGroup;
			children = (
				002723452639036000678765 /* Degree Planning System */,
				002723442639036000678765 /* Products */,
			);
			sourceTree = "<group>";
		};
		002723442639036000678765 /* Products */ = {
			isa = PBXGroup;
			children = (
				002723432639036000678765 /* Degree Planning System */,
			);
			name = Products;
			sourceTree = "<group>";
		};
		002723452639036000678765 /* Degree Planning System */ = {
			isa = PBXGroup;
			children = (
				00869D54263F40A4001E8401 /* CIT, Desktop Support and Microsoft Network Administration, Certificate of Technology.txt */,
				00869D56263F40A4001E8401 /* CIT, Information Technology Cyber Security Specialty, Certificate of Technology.txt */,
				00869D55263F40A4001E8401 /* CIT, Introductory Game Design and Development, Occupational Certificate.txt */,
				00869D50263F40A3001E8401 /* CIT, Network Administration Cisco Specialty, Certificate of Technology.txt */,
				00869D53263F40A4001E8401 /* COMPUTER INFORMATION TECHNOLOGY - NETWORKING.txt */,
				00869D52263F40A4001E8401 /* COMPUTER INFORMATION TECHNOLOGY - PROGRAMMING.txt */,
				00869D51263F40A3001E8401 /* Students.txt */,
				002723462639036000678765 /* main.cpp */,
			);
			path = "Degree Planning System";
			sourceTree = "<group>";
		};
/* End PBXGroup section */

/* Begin PBXNativeTarget section */
		002723422639036000678765 /* Degree Planning System */ = {
			isa = PBXNativeTarget;
			buildConfigurationList = 0027234A2639036000678765 /* Build configuration list for PBXNativeTarget "Degree Planning System" */;
			buildPhases = (
				0027233F2639036000678765 /* Sources */,
				002723402639036000678765 /* Frameworks */,
				002723412639036000678765 /* CopyFiles */,
			);
			buildRules = (
			);
			dependencies = (
			);
			name = "Degree Planning System";
			productName = "Degree Planning System";
			productReference = 002723432639036000678765 /* Degree Planning System */;
			productType = "com.apple.product-type.tool";
		};
/* End PBXNativeTarget section */

/* Begin PBXProject section */
		0027233B2639036000678765 /* Project object */ = {
			isa = PBXProject;
			attributes = {
				LastUpgradeCheck = 1130;
				ORGANIZATIONNAME = "Cin>>City Assassins";
				TargetAttributes = {
					002723422639036000678765 = {
						CreatedOnToolsVersion = 11.3.1;
					};
				};
			};
			buildConfigurationList = 0027233E2639036000678765 /* Build configuration list for PBXProject "Degree Planning System" */;
			compatibilityVersion = "Xcode 9.3";
			developmentRegion = en;
			hasScannedForEncodings = 0;
			knownRegions = (
				en,
				Base,
			);
			mainGroup = 0027233A2639036000678765;
			productRefGroup = 002723442639036000678765 /* Products */;
			projectDirPath = "";
			projectRoot = "";
			targets = (
				002723422639036000678765 /* Degree Planning System */,
			);
		};
/* End PBXProject section */

/* Begin PBXSourcesBuildPhase section */
		0027233F2639036000678765 /* Sources */ = {
			isa = PBXSourcesBuildPhase;
			buildActionMask = 2147483647;
			files = (
				002723472639036000678765 /* main.cpp in Sources */,
			);
			runOnlyForDeploymentPostprocessing = 0;
		};
/* End PBXSourcesBuildPhase section */

/* Begin XCBuildConfiguration section */
		002723482639036000678765 /* Debug */ = {
			isa = XCBuildConfiguration;
			buildSettings = {
				ALWAYS_SEARCH_USER_PATHS = NO;
				CLANG_ANALYZER_NONNULL = YES;
				CLANG_ANALYZER_NUMBER_OBJECT_CONVERSION = YES_AGGRESSIVE;
				CLANG_CXX_LANGUAGE_STANDARD = "gnu++14";
				CLANG_CXX_LIBRARY = "libc++";
				CLANG_ENABLE_MODULES = YES;
				CLANG_ENABLE_OBJC_ARC = YES;
				CLANG_ENABLE_OBJC_WEAK = YES;
				CLANG_WARN_BLOCK_CAPTURE_AUTORELEASING = YES;
				CLANG_WARN_BOOL_CONVERSION = YES;
				CLANG_WARN_COMMA = YES;
				CLANG_WARN_CONSTANT_CONVERSION = YES;
				CLANG_WARN_DEPRECATED_OBJC_IMPLEMENTATIONS = YES;
				CLANG_WARN_DIRECT_OBJC_ISA_USAGE = YES_ERROR;
				CLANG_WARN_DOCUMENTATION_COMMENTS = YES;
				CLANG_WARN_EMPTY_BODY = YES;
				CLANG_WARN_ENUM_CONVERSION = YES;
				CLANG_WARN_INFINITE_RECURSION = YES;
				CLANG_WARN_INT_CONVERSION = YES;
				CLANG_WARN_NON_LITERAL_NULL_CONVERSION = YES;
				CLANG_WARN_OBJC_IMPLICIT_RETAIN_SELF = YES;
				CLANG_WARN_OBJC_LITERAL_CONVERSION = YES;
				CLANG_WARN_OBJC_ROOT_CLASS = YES_ERROR;
				CLANG_WARN_RANGE_LOOP_ANALYSIS = YES;
				CLANG_WARN_STRICT_PROTOTYPES = YES;
				CLANG_WARN_SUSPICIOUS_MOVE = YES;
				CLANG_WARN_UNGUARDED_AVAILABILITY = YES_AGGRESSIVE;
				CLANG_WARN_UNREACHABLE_CODE = YES;
				CLANG_WARN__DUPLICATE_METHOD_MATCH = YES;
				COPY_PHASE_STRIP = NO;
				DEBUG_INFORMATION_FORMAT = dwarf;
				ENABLE_STRICT_OBJC_MSGSEND = YES;
				ENABLE_TESTABILITY = YES;
				GCC_C_LANGUAGE_STANDARD = gnu11;
				GCC_DYNAMIC_NO_PIC = NO;
				GCC_NO_COMMON_BLOCKS = YES;
				GCC_OPTIMIZATION_LEVEL = 0;
				GCC_PREPROCESSOR_DEFINITIONS = (
					"DEBUG=1",
					"$(inherited)",
				);
				GCC_WARN_64_TO_32_BIT_CONVERSION = YES;
				GCC_WARN_ABOUT_RETURN_TYPE = YES_ERROR;
				GCC_WARN_UNDECLARED_SELECTOR = YES;
				GCC_WARN_UNINITIALIZED_AUTOS = YES_AGGRESSIVE;
				GCC_WARN_UNUSED_FUNCTION = YES;
				GCC_WARN_UNUSED_VARIABLE = YES;
				MACOSX_DEPLOYMENT_TARGET = 10.14;
				MTL_ENABLE_DEBUG_INFO = INCLUDE_SOURCE;
				MTL_FAST_MATH = YES;
				ONLY_ACTIVE_ARCH = YES;
				SDKROOT = macosx;
			};
			name = Debug;
		};
		002723492639036000678765 /* Release */ = {
			isa = XCBuildConfiguration;
			buildSettings = {
				ALWAYS_SEARCH_USER_PATHS = NO;
				CLANG_ANALYZER_NONNULL = YES;
				CLANG_ANALYZER_NUMBER_OBJECT_CONVERSION = YES_AGGRESSIVE;
				CLANG_CXX_LANGUAGE_STANDARD = "gnu++14";
				CLANG_CXX_LIBRARY = "libc++";
				CLANG_ENABLE_MODULES = YES;
				CLANG_ENABLE_OBJC_ARC = YES;
				CLANG_ENABLE_OBJC_WEAK = YES;
				CLANG_WARN_BLOCK_CAPTURE_AUTORELEASING = YES;
				CLANG_WARN_BOOL_CONVERSION = YES;
				CLANG_WARN_COMMA = YES;
				CLANG_WARN_CONSTANT_CONVERSION = YES;
				CLANG_WARN_DEPRECATED_OBJC_IMPLEMENTATIONS = YES;
				CLANG_WARN_DIRECT_OBJC_ISA_USAGE = YES_ERROR;
				CLANG_WARN_DOCUMENTATION_COMMENTS = YES;
				CLANG_WARN_EMPTY_BODY = YES;
				CLANG_WARN_ENUM_CONVERSION = YES;
				CLANG_WARN_INFINITE_RECURSION = YES;
				CLANG_WARN_INT_CONVERSION = YES;
				CLANG_WARN_NON_LITERAL_NULL_CONVERSION = YES;
				CLANG_WARN_OBJC_IMPLICIT_RETAIN_SELF = YES;
				CLANG_WARN_OBJC_LITERAL_CONVERSION = YES;
				CLANG_WARN_OBJC_ROOT_CLASS = YES_ERROR;
				CLANG_WARN_RANGE_LOOP_ANALYSIS = YES;
				CLANG_WARN_STRICT_PROTOTYPES = YES;
				CLANG_WARN_SUSPICIOUS_MOVE = YES;
				CLANG_WARN_UNGUARDED_AVAILABILITY = YES_AGGRESSIVE;
				CLANG_WARN_UNREACHABLE_CODE = YES;
				CLANG_WARN__DUPLICATE_METHOD_MATCH = YES;
				COPY_PHASE_STRIP = NO;
				DEBUG_INFORMATION_FORMAT = "dwarf-with-dsym";
				ENABLE_NS_ASSERTIONS = NO;
				ENABLE_STRICT_OBJC_MSGSEND = YES;
				GCC_C_LANGUAGE_STANDARD = gnu11;
				GCC_NO_COMMON_BLOCKS = YES;
				GCC_WARN_64_TO_32_BIT_CONVERSION = YES;
				GCC_WARN_ABOUT_RETURN_TYPE = YES_ERROR;
				GCC_WARN_UNDECLARED_SELECTOR = YES;
				GCC_WARN_UNINITIALIZED_AUTOS = YES_AGGRESSIVE;
				GCC_WARN_UNUSED_FUNCTION = YES;
				GCC_WARN_UNUSED_VARIABLE = YES;
				MACOSX_DEPLOYMENT_TARGET = 10.14;
				MTL_ENABLE_DEBUG_INFO = NO;
				MTL_FAST_MATH = YES;
				SDKROOT = macosx;
			};
			name = Release;
		};
		0027234B2639036000678765 /* Debug */ = {
			isa = XCBuildConfiguration;
			buildSettings = {
				CODE_SIGN_STYLE = Automatic;
				PRODUCT_NAME = "$(TARGET_NAME)";
			};
			name = Debug;
		};
		0027234C2639036000678765 /* Release */ = {
			isa = XCBuildConfiguration;
			buildSettings = {
				CODE_SIGN_STYLE = Automatic;
				PRODUCT_NAME = "$(TARGET_NAME)";
			};
			name = Release;
		};
/* End XCBuildConfiguration section */

/* Begin XCConfigurationList section */
		0027233E2639036000678765 /* Build configuration list for PBXProject "Degree Planning System" */ = {
			isa = XCConfigurationList;
			buildConfigurations = (
				002723482639036000678765 /* Debug */,
				002723492639036000678765 /* Release */,
			);
			defaultConfigurationIsVisible = 0;
			defaultConfigurationName = Release;
		};
		0027234A2639036000678765 /* Build configuration list for PBXNativeTarget "Degree Planning System" */ = {
			isa = XCConfigurationList;
			buildConfigurations = (
				0027234B2639036000678765 /* Debug */,
				0027234C2639036000678765 /* Release */,
			);
			defaultConfigurationIsVisible = 0;
			defaultConfigurationName = Release;
		};
/* End XCConfigurationList section */
	};
	rootObject = 0027233B2639036000678765 /* Project object */;
}
